
Microsoft Visual Studio Solution File, Format Version 12.00
# Visual Studio Version 16
VisualStudioVersion = 16.0.32901.82
MinimumVisualStudioVersion = 10.0.40219.1
Project("{FAE04EC0-301F-11D3-BF4B-00C04F79EFBC}") = "HelloWorld", "HelloWorld.csproj", "{4C5F74A8-BDA9-4452-91B1-D7E390453EEE}"
EndProject
Global
	GlobalSection(SolutionConfigurationPlatforms) = preSolution
		Debug|Any CPU = Debug|Any CPU
		Release|Any CPU = Release|Any CPU
	EndGlobalSection
	GlobalSection(ProjectConfigurationPlatforms) = postSolution
		{4C5F74A8-BDA9-4452-91B1-D7E390453EEE}.Debug|Any CPU.ActiveCfg = Debug|Any CPU
		{4C5F74A8-BDA9-4452-91B1-D7E390453EEE}.Debug|Any CPU.Build.0 = Debug|Any CPU
		{4C5F74A8-BDA9-4452-91B1-D7E390453EEE}.Release|Any CPU.ActiveCfg = Release|Any CPU
		{4C5F74A8-BDA9-4452-91B1-D7E390453EEE}.Release|Any CPU.Build.0 = Release|Any CPU
	EndGlobalSection
	GlobalSection(SolutionProperties) = preSolution
		HideSolutionNode = FALSE
	EndGlobalSection
	GlobalSection(ExtensibilityGlobals) = postSolution
		SolutionGuid = {8F7945B1-5273-4D94-BEC1-BEA3757A4767}
	EndGlobalSection
EndGlobal
